{
  "name": "password-generator",
  "version": "1.0.0",
  "lockfileVersion": 2,
  "requires": true,
  "packages": {
    "": {
      "name": "password-generator",
      "version": "1.0.0",
      "license": "ISC",
      "dependencies": {
        "remixicon": "^2.5.0"
      }
    },
    "node_modules/remixicon": {
      "version": "2.5.0",
      "resolved": "https://registry.npmjs.org/remixicon/-/remixicon-2.5.0.tgz",
      "integrity": "sha512-q54ra2QutYDZpuSnFjmeagmEiN9IMo56/zz5dDNitzKD23oFRw77cWo4TsrAdmdkPiEn8mxlrTqxnkujDbEGww=="
    }
  },
  "dependencies": {
    "remixicon": {
      "version": "2.5.0",
      "resolved": "https://registry.npmjs.org/remixicon/-/remixicon-2.5.0.tgz",
      "integrity": "sha512-q54ra2QutYDZpuSnFjmeagmEiN9IMo56/zz5dDNitzKD23oFRw77cWo4TsrAdmdkPiEn8mxlrTqxnkujDbEGww=="
    }
  }
}
